<?xml version="1.0" encoding="utf-8"?>
<Project ToolsVersion="15.0" xmlns="http://schemas.microsoft.com/developer/msbuild/2003">
  <ItemGroup>
    <CustomBuild Include="D:\lxzsrc\ParaCraftSDKGit\proj.vs\CMakeFiles\f89d8d853f1bbf2a4333e1201ca8154b\HelloWorldMCML.rule">
      <Filter>CMake Rules</Filter>
    </CustomBuild>
    <CustomBuild Include="D:\lxzsrc\ParaCraftSDKGit\samples\2. HelloWorldMCML\CMakeLists.txt" />
  </ItemGroup>
  <ItemGroup>
    <None Include="D:\lxzsrc\ParaCraftSDKGit\proj.vs\samples\2. HelloWorldMCML\CMakeFiles\HelloWorldMCML" />
    <None Include="D:\lxzsrc\ParaCraftSDKGit\samples\2. HelloWorldMCML\source\HelloWorldMCML\HelloWorld.lua">
      <Filter>npl</Filter>
    </None>
    <None Include="D:\lxzsrc\ParaCraftSDKGit\samples\2. HelloWorldMCML\source\HelloWorldMCML\main.lua">
      <Filter>npl</Filter>
    </None>
    <None Include="D:\lxzsrc\ParaCraftSDKGit\samples\2. HelloWorldMCML\source\HelloWorldMCML\HelloWorld.html">
      <Filter>mcml</Filter>
    </None>
    <None Include="D:\lxzsrc\ParaCraftSDKGit\samples\2. HelloWorldMCML\source\HelloWorldMCML\mcml_window.html">
      <Filter>mcml</Filter>
    </None>
    <None Include="D:\lxzsrc\ParaCraftSDKGit\samples\2. HelloWorldMCML\Run.bat" />
  </ItemGroup>
  <ItemGroup>
    <Filter Include="CMake Rules">
      <UniqueIdentifier>{18BCA6C6-D300-3A54-926D-0E2CE268DA77}</UniqueIdentifier>
    </Filter>
    <Filter Include="mcml">
      <UniqueIdentifier>{EF350A1D-E575-355B-9156-C533946CDF95}</UniqueIdentifier>
    </Filter>
    <Filter Include="npl">
      <UniqueIdentifier>{4812D47C-4491-3FB0-8959-9B06A163DE21}</UniqueIdentifier>
    </Filter>
  </ItemGroup>
</Project>
