<?xml version="1.0" encoding="utf-8"?>
<Project ToolsVersion="15.0" xmlns="http://schemas.microsoft.com/developer/msbuild/2003">
  <ItemGroup>
    <CustomBuild Include="D:\lxzsrc\ParaCraftSDKGit\proj.vs\CMakeFiles\cf81b2c7ba85fc95bedd5e7ab15b9763\NPLWebServer.rule">
      <Filter>CMake Rules</Filter>
    </CustomBuild>
    <CustomBuild Include="D:\lxzsrc\ParaCraftSDKGit\samples\5. NPLWebServer\CMakeLists.txt" />
  </ItemGroup>
  <ItemGroup>
    <None Include="D:\lxzsrc\ParaCraftSDKGit\proj.vs\samples\5. NPLWebServer\CMakeFiles\NPLWebServer" />
    <None Include="D:\lxzsrc\ParaCraftSDKGit\samples\5. NPLWebServer\www\app\routes.page">
      <Filter>pages</Filter>
    </None>
    <None Include="D:\lxzsrc\ParaCraftSDKGit\samples\5. NPLWebServer\www\dev\test.page">
      <Filter>pages</Filter>
    </None>
    <None Include="D:\lxzsrc\ParaCraftSDKGit\samples\5. NPLWebServer\www\index.page">
      <Filter>pages</Filter>
    </None>
    <None Include="D:\lxzsrc\ParaCraftSDKGit\samples\5. NPLWebServer\run.bat" />
    <None Include="D:\lxzsrc\ParaCraftSDKGit\samples\5. NPLWebServer\update_packages.bat" />
    <None Include="D:\lxzsrc\ParaCraftSDKGit\samples\5. NPLWebServer\main.lua" />
    <None Include="D:\lxzsrc\ParaCraftSDKGit\samples\5. NPLWebServer\README.md" />
  </ItemGroup>
  <ItemGroup>
    <XML Include="D:\lxzsrc\ParaCraftSDKGit\samples\5. NPLWebServer\www\webserver.config.xml">
      <Filter>xml</Filter>
    </XML>
  </ItemGroup>
  <ItemGroup>
    <Filter Include="CMake Rules">
      <UniqueIdentifier>{18BCA6C6-D300-3A54-926D-0E2CE268DA77}</UniqueIdentifier>
    </Filter>
    <Filter Include="pages">
      <UniqueIdentifier>{3107EA68-5181-3603-A3C2-6B1168121A57}</UniqueIdentifier>
    </Filter>
    <Filter Include="xml">
      <UniqueIdentifier>{CDCFDA80-06CF-34B6-84D3-507D08100391}</UniqueIdentifier>
    </Filter>
  </ItemGroup>
</Project>
