<?xml version="1.0" encoding="utf-8"?>
<Project ToolsVersion="12.0" xmlns="http://schemas.microsoft.com/developer/msbuild/2003">
  <ItemGroup>
    <CustomBuild Include="..\..\..\samples\1. HelloWorld\CMakeLists.txt" />
    <CustomBuild Include="..\..\CMakeFiles\33c38bf1e20dcad73b63973d3a38d87f\HelloWorld.rule">
      <Filter>CMake Rules</Filter>
    </CustomBuild>
  </ItemGroup>
  <ItemGroup>
    <None Include="CMakeFiles\HelloWorld" />
    <None Include="..\..\..\samples\1. HelloWorld\source\HelloWorld\main.lua">
      <Filter>npl</Filter>
    </None>
    <None Include="..\..\..\samples\1. HelloWorld\Run.bat" />
  </ItemGroup>
  <ItemGroup>
    <Filter Include="CMake Rules">
      <UniqueIdentifier>{0AF854A3-CAC9-4156-BD93-00AE82B7F64C}</UniqueIdentifier>
    </Filter>
    <Filter Include="npl">
      <UniqueIdentifier>{8F74C4CD-B864-4944-A84B-761F5812CF55}</UniqueIdentifier>
    </Filter>
  </ItemGroup>
</Project>
