Microsoft Visual Studio Solution File, Format Version 12.00
# Visual Studio 15
Project("{8BC9CEB8-8B4A-11D0-8D11-00A0C91BC942}") = "ALL_BUILD", "ALL_BUILD.vcxproj", "{6D23F111-22CA-3BCA-BA68-2B0D3DFC5CDC}"
	ProjectSection(ProjectDependencies) = postProject
		{408F7718-3EF6-3748-9631-7A1C609CC365} = {408F7718-3EF6-3748-9631-7A1C609CC365}
		{ECD0ED3F-7073-3D1E-A178-7D532D734A59} = {ECD0ED3F-7073-3D1E-A178-7D532D734A59}
	EndProjectSection
EndProject
Project("{8BC9CEB8-8B4A-11D0-8D11-00A0C91BC942}") = "MyApp", "MyApp.vcxproj", "{408F7718-3EF6-3748-9631-7A1C609CC365}"
	ProjectSection(ProjectDependencies) = postProject
		{ECD0ED3F-7073-3D1E-A178-7D532D734A59} = {ECD0ED3F-7073-3D1E-A178-7D532D734A59}
	EndProjectSection
EndProject
Project("{8BC9CEB8-8B4A-11D0-8D11-00A0C91BC942}") = "ZERO_CHECK", "..\..\\ZERO_CHECK.vcxproj", "{ECD0ED3F-7073-3D1E-A178-7D532D734A59}"
	ProjectSection(ProjectDependencies) = postProject
	EndProjectSection
EndProject
Global
	GlobalSection(SolutionConfigurationPlatforms) = preSolution
		Debug|Win32 = Debug|Win32
		Release|Win32 = Release|Win32
		MinSizeRel|Win32 = MinSizeRel|Win32
		RelWithDebInfo|Win32 = RelWithDebInfo|Win32
	EndGlobalSection
	GlobalSection(ProjectConfigurationPlatforms) = postSolution
		{6D23F111-22CA-3BCA-BA68-2B0D3DFC5CDC}.Debug|Win32.ActiveCfg = Debug|Win32
		{6D23F111-22CA-3BCA-BA68-2B0D3DFC5CDC}.Release|Win32.ActiveCfg = Release|Win32
		{6D23F111-22CA-3BCA-BA68-2B0D3DFC5CDC}.MinSizeRel|Win32.ActiveCfg = MinSizeRel|Win32
		{6D23F111-22CA-3BCA-BA68-2B0D3DFC5CDC}.RelWithDebInfo|Win32.ActiveCfg = RelWithDebInfo|Win32
		{408F7718-3EF6-3748-9631-7A1C609CC365}.Debug|Win32.ActiveCfg = Debug|Win32
		{408F7718-3EF6-3748-9631-7A1C609CC365}.Debug|Win32.Build.0 = Debug|Win32
		{408F7718-3EF6-3748-9631-7A1C609CC365}.Release|Win32.ActiveCfg = Release|Win32
		{408F7718-3EF6-3748-9631-7A1C609CC365}.Release|Win32.Build.0 = Release|Win32
		{408F7718-3EF6-3748-9631-7A1C609CC365}.MinSizeRel|Win32.ActiveCfg = MinSizeRel|Win32
		{408F7718-3EF6-3748-9631-7A1C609CC365}.MinSizeRel|Win32.Build.0 = MinSizeRel|Win32
		{408F7718-3EF6-3748-9631-7A1C609CC365}.RelWithDebInfo|Win32.ActiveCfg = RelWithDebInfo|Win32
		{408F7718-3EF6-3748-9631-7A1C609CC365}.RelWithDebInfo|Win32.Build.0 = RelWithDebInfo|Win32
		{ECD0ED3F-7073-3D1E-A178-7D532D734A59}.Debug|Win32.ActiveCfg = Debug|Win32
		{ECD0ED3F-7073-3D1E-A178-7D532D734A59}.Debug|Win32.Build.0 = Debug|Win32
		{ECD0ED3F-7073-3D1E-A178-7D532D734A59}.Release|Win32.ActiveCfg = Release|Win32
		{ECD0ED3F-7073-3D1E-A178-7D532D734A59}.Release|Win32.Build.0 = Release|Win32
		{ECD0ED3F-7073-3D1E-A178-7D532D734A59}.MinSizeRel|Win32.ActiveCfg = MinSizeRel|Win32
		{ECD0ED3F-7073-3D1E-A178-7D532D734A59}.MinSizeRel|Win32.Build.0 = MinSizeRel|Win32
		{ECD0ED3F-7073-3D1E-A178-7D532D734A59}.RelWithDebInfo|Win32.ActiveCfg = RelWithDebInfo|Win32
		{ECD0ED3F-7073-3D1E-A178-7D532D734A59}.RelWithDebInfo|Win32.Build.0 = RelWithDebInfo|Win32
	EndGlobalSection
	GlobalSection(ExtensibilityGlobals) = postSolution
		SolutionGuid = {591844AA-42E7-36CF-AA2C-1B58C0DB7DA7}
	EndGlobalSection
	GlobalSection(ExtensibilityAddIns) = postSolution
	EndGlobalSection
EndGlobal
