<?xml version="1.0" encoding="utf-8"?>
<Project ToolsVersion="15.0" xmlns="http://schemas.microsoft.com/developer/msbuild/2003">
  <ItemGroup>
    <CustomBuild Include="D:\lxzsrc\ParaCraftSDKGit\proj.vs\CMakeFiles\8e3316ea147570ec99913cc67c058310\SimpleWebServer.rule">
      <Filter>CMake Rules</Filter>
    </CustomBuild>
    <CustomBuild Include="D:\lxzsrc\ParaCraftSDKGit\samples\4. SimpleWebServer\CMakeLists.txt" />
  </ItemGroup>
  <ItemGroup>
    <None Include="D:\lxzsrc\ParaCraftSDKGit\proj.vs\samples\4. SimpleWebServer\CMakeFiles\SimpleWebServer" />
    <None Include="D:\lxzsrc\ParaCraftSDKGit\samples\4. SimpleWebServer\script\apps\Taurus\DefaultTheme.lua">
      <Filter>npl</Filter>
    </None>
    <None Include="D:\lxzsrc\ParaCraftSDKGit\samples\4. SimpleWebServer\source\SimpleWebServer\http_server.lua">
      <Filter>npl</Filter>
    </None>
    <None Include="D:\lxzsrc\ParaCraftSDKGit\samples\4. SimpleWebServer\source\SimpleWebServer\main.lua">
      <Filter>npl</Filter>
    </None>
    <None Include="D:\lxzsrc\ParaCraftSDKGit\samples\4. SimpleWebServer\source\SimpleWebServer\server_console.html">
      <Filter>mcml</Filter>
    </None>
    <None Include="D:\lxzsrc\ParaCraftSDKGit\samples\4. SimpleWebServer\Run.bat" />
  </ItemGroup>
  <ItemGroup>
    <Filter Include="CMake Rules">
      <UniqueIdentifier>{18BCA6C6-D300-3A54-926D-0E2CE268DA77}</UniqueIdentifier>
    </Filter>
    <Filter Include="mcml">
      <UniqueIdentifier>{EF350A1D-E575-355B-9156-C533946CDF95}</UniqueIdentifier>
    </Filter>
    <Filter Include="npl">
      <UniqueIdentifier>{4812D47C-4491-3FB0-8959-9B06A163DE21}</UniqueIdentifier>
    </Filter>
  </ItemGroup>
</Project>
