Microsoft Visual Studio Solution File, Format Version 12.00
# Visual Studio 2013
Project("{8BC9CEB8-8B4A-11D0-8D11-00A0C91BC942}") = "ALL_BUILD", "ALL_BUILD.vcxproj", "{6C1EC1CE-6B96-4F1D-AB89-9C11A812A631}"
	ProjectSection(ProjectDependencies) = postProject
		{F2873210-913B-4D30-8A74-C7C9E4B10DBA} = {F2873210-913B-4D30-8A74-C7C9E4B10DBA}
		{5E7D2CC5-3E92-4ED6-899C-8CBC232662B7} = {5E7D2CC5-3E92-4ED6-899C-8CBC232662B7}
		{81BD27DF-CB19-4F53-AC8F-D74C88E5036E} = {81BD27DF-CB19-4F53-AC8F-D74C88E5036E}
	EndProjectSection
EndProject
Project("{8BC9CEB8-8B4A-11D0-8D11-00A0C91BC942}") = "HelloWorld", "samples\1. HelloWorld\HelloWorld.vcxproj", "{0E22B6D4-36C4-414E-BFB0-2B33C89690E0}"
	ProjectSection(ProjectDependencies) = postProject
		{81BD27DF-CB19-4F53-AC8F-D74C88E5036E} = {81BD27DF-CB19-4F53-AC8F-D74C88E5036E}
	EndProjectSection
EndProject
Project("{8BC9CEB8-8B4A-11D0-8D11-00A0C91BC942}") = "HelloWorldMCML", "samples\2. HelloWorldMCML\HelloWorldMCML.vcxproj", "{D886A5B8-C8A7-4BEB-A718-E29E3F9D4055}"
	ProjectSection(ProjectDependencies) = postProject
		{81BD27DF-CB19-4F53-AC8F-D74C88E5036E} = {81BD27DF-CB19-4F53-AC8F-D74C88E5036E}
	EndProjectSection
EndProject
Project("{8BC9CEB8-8B4A-11D0-8D11-00A0C91BC942}") = "HelloWorldPlugin", "samples\plugins\HelloWorldCppDll\HelloWorldPlugin.vcxproj", "{F2873210-913B-4D30-8A74-C7C9E4B10DBA}"
	ProjectSection(ProjectDependencies) = postProject
		{81BD27DF-CB19-4F53-AC8F-D74C88E5036E} = {81BD27DF-CB19-4F53-AC8F-D74C88E5036E}
	EndProjectSection
EndProject
Project("{8BC9CEB8-8B4A-11D0-8D11-00A0C91BC942}") = "MyApp", "samples\MyAppExe\MyApp.vcxproj", "{5E7D2CC5-3E92-4ED6-899C-8CBC232662B7}"
	ProjectSection(ProjectDependencies) = postProject
		{81BD27DF-CB19-4F53-AC8F-D74C88E5036E} = {81BD27DF-CB19-4F53-AC8F-D74C88E5036E}
	EndProjectSection
EndProject
Project("{8BC9CEB8-8B4A-11D0-8D11-00A0C91BC942}") = "NPLWebServer", "samples\5. NPLWebServer\NPLWebServer.vcxproj", "{B9B49477-AA31-4DB3-B6FE-ED951136D2CD}"
	ProjectSection(ProjectDependencies) = postProject
		{81BD27DF-CB19-4F53-AC8F-D74C88E5036E} = {81BD27DF-CB19-4F53-AC8F-D74C88E5036E}
	EndProjectSection
EndProject
Project("{8BC9CEB8-8B4A-11D0-8D11-00A0C91BC942}") = "SampleMod", "samples\mod\Sample\SampleMod.vcxproj", "{F4B03CCE-1D8C-4181-B947-674B02862801}"
	ProjectSection(ProjectDependencies) = postProject
		{81BD27DF-CB19-4F53-AC8F-D74C88E5036E} = {81BD27DF-CB19-4F53-AC8F-D74C88E5036E}
	EndProjectSection
EndProject
Project("{8BC9CEB8-8B4A-11D0-8D11-00A0C91BC942}") = "SampleWorld", "samples\3. SampleWorld\SampleWorld.vcxproj", "{C4A994EA-5C4C-4BBB-B08C-5D18376A625C}"
	ProjectSection(ProjectDependencies) = postProject
		{81BD27DF-CB19-4F53-AC8F-D74C88E5036E} = {81BD27DF-CB19-4F53-AC8F-D74C88E5036E}
	EndProjectSection
EndProject
Project("{8BC9CEB8-8B4A-11D0-8D11-00A0C91BC942}") = "SimpleWebServer", "samples\4. SimpleWebServer\SimpleWebServer.vcxproj", "{93CF9DD3-6A76-4140-AC9D-F0139E80F344}"
	ProjectSection(ProjectDependencies) = postProject
		{81BD27DF-CB19-4F53-AC8F-D74C88E5036E} = {81BD27DF-CB19-4F53-AC8F-D74C88E5036E}
	EndProjectSection
EndProject
Project("{8BC9CEB8-8B4A-11D0-8D11-00A0C91BC942}") = "ZERO_CHECK", "ZERO_CHECK.vcxproj", "{81BD27DF-CB19-4F53-AC8F-D74C88E5036E}"
	ProjectSection(ProjectDependencies) = postProject
	EndProjectSection
EndProject
Global
	GlobalSection(SolutionConfigurationPlatforms) = preSolution
		Debug|Win32 = Debug|Win32
		Release|Win32 = Release|Win32
		MinSizeRel|Win32 = MinSizeRel|Win32
		RelWithDebInfo|Win32 = RelWithDebInfo|Win32
	EndGlobalSection
	GlobalSection(ProjectConfigurationPlatforms) = postSolution
		{6C1EC1CE-6B96-4F1D-AB89-9C11A812A631}.Debug|Win32.ActiveCfg = Debug|Win32
		{6C1EC1CE-6B96-4F1D-AB89-9C11A812A631}.Release|Win32.ActiveCfg = Release|Win32
		{6C1EC1CE-6B96-4F1D-AB89-9C11A812A631}.MinSizeRel|Win32.ActiveCfg = MinSizeRel|Win32
		{6C1EC1CE-6B96-4F1D-AB89-9C11A812A631}.RelWithDebInfo|Win32.ActiveCfg = RelWithDebInfo|Win32
		{0E22B6D4-36C4-414E-BFB0-2B33C89690E0}.Debug|Win32.ActiveCfg = Debug|Win32
		{0E22B6D4-36C4-414E-BFB0-2B33C89690E0}.Release|Win32.ActiveCfg = Release|Win32
		{0E22B6D4-36C4-414E-BFB0-2B33C89690E0}.MinSizeRel|Win32.ActiveCfg = MinSizeRel|Win32
		{0E22B6D4-36C4-414E-BFB0-2B33C89690E0}.RelWithDebInfo|Win32.ActiveCfg = RelWithDebInfo|Win32
		{D886A5B8-C8A7-4BEB-A718-E29E3F9D4055}.Debug|Win32.ActiveCfg = Debug|Win32
		{D886A5B8-C8A7-4BEB-A718-E29E3F9D4055}.Release|Win32.ActiveCfg = Release|Win32
		{D886A5B8-C8A7-4BEB-A718-E29E3F9D4055}.MinSizeRel|Win32.ActiveCfg = MinSizeRel|Win32
		{D886A5B8-C8A7-4BEB-A718-E29E3F9D4055}.RelWithDebInfo|Win32.ActiveCfg = RelWithDebInfo|Win32
		{F2873210-913B-4D30-8A74-C7C9E4B10DBA}.Debug|Win32.ActiveCfg = Debug|Win32
		{F2873210-913B-4D30-8A74-C7C9E4B10DBA}.Debug|Win32.Build.0 = Debug|Win32
		{F2873210-913B-4D30-8A74-C7C9E4B10DBA}.Release|Win32.ActiveCfg = Release|Win32
		{F2873210-913B-4D30-8A74-C7C9E4B10DBA}.Release|Win32.Build.0 = Release|Win32
		{F2873210-913B-4D30-8A74-C7C9E4B10DBA}.MinSizeRel|Win32.ActiveCfg = MinSizeRel|Win32
		{F2873210-913B-4D30-8A74-C7C9E4B10DBA}.MinSizeRel|Win32.Build.0 = MinSizeRel|Win32
		{F2873210-913B-4D30-8A74-C7C9E4B10DBA}.RelWithDebInfo|Win32.ActiveCfg = RelWithDebInfo|Win32
		{F2873210-913B-4D30-8A74-C7C9E4B10DBA}.RelWithDebInfo|Win32.Build.0 = RelWithDebInfo|Win32
		{5E7D2CC5-3E92-4ED6-899C-8CBC232662B7}.Debug|Win32.ActiveCfg = Debug|Win32
		{5E7D2CC5-3E92-4ED6-899C-8CBC232662B7}.Debug|Win32.Build.0 = Debug|Win32
		{5E7D2CC5-3E92-4ED6-899C-8CBC232662B7}.Release|Win32.ActiveCfg = Release|Win32
		{5E7D2CC5-3E92-4ED6-899C-8CBC232662B7}.Release|Win32.Build.0 = Release|Win32
		{5E7D2CC5-3E92-4ED6-899C-8CBC232662B7}.MinSizeRel|Win32.ActiveCfg = MinSizeRel|Win32
		{5E7D2CC5-3E92-4ED6-899C-8CBC232662B7}.MinSizeRel|Win32.Build.0 = MinSizeRel|Win32
		{5E7D2CC5-3E92-4ED6-899C-8CBC232662B7}.RelWithDebInfo|Win32.ActiveCfg = RelWithDebInfo|Win32
		{5E7D2CC5-3E92-4ED6-899C-8CBC232662B7}.RelWithDebInfo|Win32.Build.0 = RelWithDebInfo|Win32
		{B9B49477-AA31-4DB3-B6FE-ED951136D2CD}.Debug|Win32.ActiveCfg = Debug|Win32
		{B9B49477-AA31-4DB3-B6FE-ED951136D2CD}.Release|Win32.ActiveCfg = Release|Win32
		{B9B49477-AA31-4DB3-B6FE-ED951136D2CD}.MinSizeRel|Win32.ActiveCfg = MinSizeRel|Win32
		{B9B49477-AA31-4DB3-B6FE-ED951136D2CD}.RelWithDebInfo|Win32.ActiveCfg = RelWithDebInfo|Win32
		{F4B03CCE-1D8C-4181-B947-674B02862801}.Debug|Win32.ActiveCfg = Debug|Win32
		{F4B03CCE-1D8C-4181-B947-674B02862801}.Release|Win32.ActiveCfg = Release|Win32
		{F4B03CCE-1D8C-4181-B947-674B02862801}.MinSizeRel|Win32.ActiveCfg = MinSizeRel|Win32
		{F4B03CCE-1D8C-4181-B947-674B02862801}.RelWithDebInfo|Win32.ActiveCfg = RelWithDebInfo|Win32
		{C4A994EA-5C4C-4BBB-B08C-5D18376A625C}.Debug|Win32.ActiveCfg = Debug|Win32
		{C4A994EA-5C4C-4BBB-B08C-5D18376A625C}.Release|Win32.ActiveCfg = Release|Win32
		{C4A994EA-5C4C-4BBB-B08C-5D18376A625C}.MinSizeRel|Win32.ActiveCfg = MinSizeRel|Win32
		{C4A994EA-5C4C-4BBB-B08C-5D18376A625C}.RelWithDebInfo|Win32.ActiveCfg = RelWithDebInfo|Win32
		{93CF9DD3-6A76-4140-AC9D-F0139E80F344}.Debug|Win32.ActiveCfg = Debug|Win32
		{93CF9DD3-6A76-4140-AC9D-F0139E80F344}.Release|Win32.ActiveCfg = Release|Win32
		{93CF9DD3-6A76-4140-AC9D-F0139E80F344}.MinSizeRel|Win32.ActiveCfg = MinSizeRel|Win32
		{93CF9DD3-6A76-4140-AC9D-F0139E80F344}.RelWithDebInfo|Win32.ActiveCfg = RelWithDebInfo|Win32
		{81BD27DF-CB19-4F53-AC8F-D74C88E5036E}.Debug|Win32.ActiveCfg = Debug|Win32
		{81BD27DF-CB19-4F53-AC8F-D74C88E5036E}.Debug|Win32.Build.0 = Debug|Win32
		{81BD27DF-CB19-4F53-AC8F-D74C88E5036E}.Release|Win32.ActiveCfg = Release|Win32
		{81BD27DF-CB19-4F53-AC8F-D74C88E5036E}.Release|Win32.Build.0 = Release|Win32
		{81BD27DF-CB19-4F53-AC8F-D74C88E5036E}.MinSizeRel|Win32.ActiveCfg = MinSizeRel|Win32
		{81BD27DF-CB19-4F53-AC8F-D74C88E5036E}.MinSizeRel|Win32.Build.0 = MinSizeRel|Win32
		{81BD27DF-CB19-4F53-AC8F-D74C88E5036E}.RelWithDebInfo|Win32.ActiveCfg = RelWithDebInfo|Win32
		{81BD27DF-CB19-4F53-AC8F-D74C88E5036E}.RelWithDebInfo|Win32.Build.0 = RelWithDebInfo|Win32
	EndGlobalSection
	GlobalSection(ExtensibilityGlobals) = postSolution
	EndGlobalSection
	GlobalSection(ExtensibilityAddIns) = postSolution
	EndGlobalSection
EndGlobal
