Microsoft Visual Studio Solution File, Format Version 12.00
# Visual Studio 2013
Project("{8BC9CEB8-8B4A-11D0-8D11-00A0C91BC942}") = "ALL_BUILD", "ALL_BUILD.vcxproj", "{6C1EC1CE-6B96-4F1D-AB89-9C11A812A631}"
	ProjectSection(ProjectDependencies) = postProject
		{81BD27DF-CB19-4F53-AC8F-D74C88E5036E} = {81BD27DF-CB19-4F53-AC8F-D74C88E5036E}
	EndProjectSection
EndProject
Project("{8BC9CEB8-8B4A-11D0-8D11-00A0C91BC942}") = "Haqi", "_apps\Haqi\Haqi.vcxproj", "{E9A16FD0-5BA8-4501-9119-A3B69A4860A5}"
	ProjectSection(ProjectDependencies) = postProject
		{81BD27DF-CB19-4F53-AC8F-D74C88E5036E} = {81BD27DF-CB19-4F53-AC8F-D74C88E5036E}
	EndProjectSection
EndProject
Project("{8BC9CEB8-8B4A-11D0-8D11-00A0C91BC942}") = "HaqiTeen", "_apps\HaqiTeen\HaqiTeen.vcxproj", "{CAD6FE29-84FA-4D1E-8C0E-3085B799962F}"
	ProjectSection(ProjectDependencies) = postProject
		{81BD27DF-CB19-4F53-AC8F-D74C88E5036E} = {81BD27DF-CB19-4F53-AC8F-D74C88E5036E}
	EndProjectSection
EndProject
Project("{8BC9CEB8-8B4A-11D0-8D11-00A0C91BC942}") = "HelloWorld", "samples\1. HelloWorld\HelloWorld.vcxproj", "{0E22B6D4-36C4-414E-BFB0-2B33C89690E0}"
	ProjectSection(ProjectDependencies) = postProject
		{81BD27DF-CB19-4F53-AC8F-D74C88E5036E} = {81BD27DF-CB19-4F53-AC8F-D74C88E5036E}
	EndProjectSection
EndProject
Project("{8BC9CEB8-8B4A-11D0-8D11-00A0C91BC942}") = "HelloWorldMCML", "samples\2. HelloWorldMCML\HelloWorldMCML.vcxproj", "{D886A5B8-C8A7-4BEB-A718-E29E3F9D4055}"
	ProjectSection(ProjectDependencies) = postProject
		{81BD27DF-CB19-4F53-AC8F-D74C88E5036E} = {81BD27DF-CB19-4F53-AC8F-D74C88E5036E}
	EndProjectSection
EndProject
Project("{8BC9CEB8-8B4A-11D0-8D11-00A0C91BC942}") = "ModTest", "_mod\Test\ModTest.vcxproj", "{6C789EE8-75C3-4D7E-A362-62883C4FACD1}"
	ProjectSection(ProjectDependencies) = postProject
		{81BD27DF-CB19-4F53-AC8F-D74C88E5036E} = {81BD27DF-CB19-4F53-AC8F-D74C88E5036E}
	EndProjectSection
EndProject
Project("{8BC9CEB8-8B4A-11D0-8D11-00A0C91BC942}") = "Paracraft", "_apps\Paracraft\Paracraft.vcxproj", "{F6299870-25CD-4D77-9187-CFEA9FCD7A36}"
	ProjectSection(ProjectDependencies) = postProject
		{81BD27DF-CB19-4F53-AC8F-D74C88E5036E} = {81BD27DF-CB19-4F53-AC8F-D74C88E5036E}
	EndProjectSection
EndProject
Project("{8BC9CEB8-8B4A-11D0-8D11-00A0C91BC942}") = "SampleMod", "samples\mod\Sample\SampleMod.vcxproj", "{F4B03CCE-1D8C-4181-B947-674B02862801}"
	ProjectSection(ProjectDependencies) = postProject
		{81BD27DF-CB19-4F53-AC8F-D74C88E5036E} = {81BD27DF-CB19-4F53-AC8F-D74C88E5036E}
	EndProjectSection
EndProject
Project("{8BC9CEB8-8B4A-11D0-8D11-00A0C91BC942}") = "SampleWorld", "samples\3. SampleWorld\SampleWorld.vcxproj", "{C4A994EA-5C4C-4BBB-B08C-5D18376A625C}"
	ProjectSection(ProjectDependencies) = postProject
		{81BD27DF-CB19-4F53-AC8F-D74C88E5036E} = {81BD27DF-CB19-4F53-AC8F-D74C88E5036E}
	EndProjectSection
EndProject
Project("{8BC9CEB8-8B4A-11D0-8D11-00A0C91BC942}") = "SeerCraft", "_apps\SeerCraft\SeerCraft.vcxproj", "{1FFFD236-892E-4226-9285-3DA3FF874066}"
	ProjectSection(ProjectDependencies) = postProject
		{81BD27DF-CB19-4F53-AC8F-D74C88E5036E} = {81BD27DF-CB19-4F53-AC8F-D74C88E5036E}
	EndProjectSection
EndProject
Project("{8BC9CEB8-8B4A-11D0-8D11-00A0C91BC942}") = "SimpleWebServer", "samples\4. SimpleWebServer\SimpleWebServer.vcxproj", "{93CF9DD3-6A76-4140-AC9D-F0139E80F344}"
	ProjectSection(ProjectDependencies) = postProject
		{81BD27DF-CB19-4F53-AC8F-D74C88E5036E} = {81BD27DF-CB19-4F53-AC8F-D74C88E5036E}
	EndProjectSection
EndProject
Project("{8BC9CEB8-8B4A-11D0-8D11-00A0C91BC942}") = "Taurus", "_apps\Taurus\Taurus.vcxproj", "{3C451BE1-44C2-478C-843B-43A62F7901F7}"
	ProjectSection(ProjectDependencies) = postProject
		{81BD27DF-CB19-4F53-AC8F-D74C88E5036E} = {81BD27DF-CB19-4F53-AC8F-D74C88E5036E}
	EndProjectSection
EndProject
Project("{8BC9CEB8-8B4A-11D0-8D11-00A0C91BC942}") = "Test", "_apps\Test\Test.vcxproj", "{F9A97BC5-74FE-4CBC-BF45-2CD002352CCB}"
	ProjectSection(ProjectDependencies) = postProject
		{81BD27DF-CB19-4F53-AC8F-D74C88E5036E} = {81BD27DF-CB19-4F53-AC8F-D74C88E5036E}
	EndProjectSection
EndProject
Project("{8BC9CEB8-8B4A-11D0-8D11-00A0C91BC942}") = "ZERO_CHECK", "ZERO_CHECK.vcxproj", "{81BD27DF-CB19-4F53-AC8F-D74C88E5036E}"
	ProjectSection(ProjectDependencies) = postProject
	EndProjectSection
EndProject
Global
	GlobalSection(SolutionConfigurationPlatforms) = preSolution
		Debug|Win32 = Debug|Win32
		Release|Win32 = Release|Win32
		MinSizeRel|Win32 = MinSizeRel|Win32
		RelWithDebInfo|Win32 = RelWithDebInfo|Win32
	EndGlobalSection
	GlobalSection(ProjectConfigurationPlatforms) = postSolution
		{6C1EC1CE-6B96-4F1D-AB89-9C11A812A631}.Debug|Win32.ActiveCfg = Debug|Win32
		{6C1EC1CE-6B96-4F1D-AB89-9C11A812A631}.Release|Win32.ActiveCfg = Release|Win32
		{6C1EC1CE-6B96-4F1D-AB89-9C11A812A631}.MinSizeRel|Win32.ActiveCfg = MinSizeRel|Win32
		{6C1EC1CE-6B96-4F1D-AB89-9C11A812A631}.RelWithDebInfo|Win32.ActiveCfg = RelWithDebInfo|Win32
		{E9A16FD0-5BA8-4501-9119-A3B69A4860A5}.Debug|Win32.ActiveCfg = Debug|Win32
		{E9A16FD0-5BA8-4501-9119-A3B69A4860A5}.Release|Win32.ActiveCfg = Release|Win32
		{E9A16FD0-5BA8-4501-9119-A3B69A4860A5}.MinSizeRel|Win32.ActiveCfg = MinSizeRel|Win32
		{E9A16FD0-5BA8-4501-9119-A3B69A4860A5}.RelWithDebInfo|Win32.ActiveCfg = RelWithDebInfo|Win32
		{CAD6FE29-84FA-4D1E-8C0E-3085B799962F}.Debug|Win32.ActiveCfg = Debug|Win32
		{CAD6FE29-84FA-4D1E-8C0E-3085B799962F}.Release|Win32.ActiveCfg = Release|Win32
		{CAD6FE29-84FA-4D1E-8C0E-3085B799962F}.MinSizeRel|Win32.ActiveCfg = MinSizeRel|Win32
		{CAD6FE29-84FA-4D1E-8C0E-3085B799962F}.RelWithDebInfo|Win32.ActiveCfg = RelWithDebInfo|Win32
		{0E22B6D4-36C4-414E-BFB0-2B33C89690E0}.Debug|Win32.ActiveCfg = Debug|Win32
		{0E22B6D4-36C4-414E-BFB0-2B33C89690E0}.Release|Win32.ActiveCfg = Release|Win32
		{0E22B6D4-36C4-414E-BFB0-2B33C89690E0}.MinSizeRel|Win32.ActiveCfg = MinSizeRel|Win32
		{0E22B6D4-36C4-414E-BFB0-2B33C89690E0}.RelWithDebInfo|Win32.ActiveCfg = RelWithDebInfo|Win32
		{D886A5B8-C8A7-4BEB-A718-E29E3F9D4055}.Debug|Win32.ActiveCfg = Debug|Win32
		{D886A5B8-C8A7-4BEB-A718-E29E3F9D4055}.Release|Win32.ActiveCfg = Release|Win32
		{D886A5B8-C8A7-4BEB-A718-E29E3F9D4055}.MinSizeRel|Win32.ActiveCfg = MinSizeRel|Win32
		{D886A5B8-C8A7-4BEB-A718-E29E3F9D4055}.RelWithDebInfo|Win32.ActiveCfg = RelWithDebInfo|Win32
		{6C789EE8-75C3-4D7E-A362-62883C4FACD1}.Debug|Win32.ActiveCfg = Debug|Win32
		{6C789EE8-75C3-4D7E-A362-62883C4FACD1}.Release|Win32.ActiveCfg = Release|Win32
		{6C789EE8-75C3-4D7E-A362-62883C4FACD1}.MinSizeRel|Win32.ActiveCfg = MinSizeRel|Win32
		{6C789EE8-75C3-4D7E-A362-62883C4FACD1}.RelWithDebInfo|Win32.ActiveCfg = RelWithDebInfo|Win32
		{F6299870-25CD-4D77-9187-CFEA9FCD7A36}.Debug|Win32.ActiveCfg = Debug|Win32
		{F6299870-25CD-4D77-9187-CFEA9FCD7A36}.Release|Win32.ActiveCfg = Release|Win32
		{F6299870-25CD-4D77-9187-CFEA9FCD7A36}.MinSizeRel|Win32.ActiveCfg = MinSizeRel|Win32
		{F6299870-25CD-4D77-9187-CFEA9FCD7A36}.RelWithDebInfo|Win32.ActiveCfg = RelWithDebInfo|Win32
		{F4B03CCE-1D8C-4181-B947-674B02862801}.Debug|Win32.ActiveCfg = Debug|Win32
		{F4B03CCE-1D8C-4181-B947-674B02862801}.Release|Win32.ActiveCfg = Release|Win32
		{F4B03CCE-1D8C-4181-B947-674B02862801}.MinSizeRel|Win32.ActiveCfg = MinSizeRel|Win32
		{F4B03CCE-1D8C-4181-B947-674B02862801}.RelWithDebInfo|Win32.ActiveCfg = RelWithDebInfo|Win32
		{C4A994EA-5C4C-4BBB-B08C-5D18376A625C}.Debug|Win32.ActiveCfg = Debug|Win32
		{C4A994EA-5C4C-4BBB-B08C-5D18376A625C}.Release|Win32.ActiveCfg = Release|Win32
		{C4A994EA-5C4C-4BBB-B08C-5D18376A625C}.MinSizeRel|Win32.ActiveCfg = MinSizeRel|Win32
		{C4A994EA-5C4C-4BBB-B08C-5D18376A625C}.RelWithDebInfo|Win32.ActiveCfg = RelWithDebInfo|Win32
		{1FFFD236-892E-4226-9285-3DA3FF874066}.Debug|Win32.ActiveCfg = Debug|Win32
		{1FFFD236-892E-4226-9285-3DA3FF874066}.Release|Win32.ActiveCfg = Release|Win32
		{1FFFD236-892E-4226-9285-3DA3FF874066}.MinSizeRel|Win32.ActiveCfg = MinSizeRel|Win32
		{1FFFD236-892E-4226-9285-3DA3FF874066}.RelWithDebInfo|Win32.ActiveCfg = RelWithDebInfo|Win32
		{93CF9DD3-6A76-4140-AC9D-F0139E80F344}.Debug|Win32.ActiveCfg = Debug|Win32
		{93CF9DD3-6A76-4140-AC9D-F0139E80F344}.Release|Win32.ActiveCfg = Release|Win32
		{93CF9DD3-6A76-4140-AC9D-F0139E80F344}.MinSizeRel|Win32.ActiveCfg = MinSizeRel|Win32
		{93CF9DD3-6A76-4140-AC9D-F0139E80F344}.RelWithDebInfo|Win32.ActiveCfg = RelWithDebInfo|Win32
		{3C451BE1-44C2-478C-843B-43A62F7901F7}.Debug|Win32.ActiveCfg = Debug|Win32
		{3C451BE1-44C2-478C-843B-43A62F7901F7}.Release|Win32.ActiveCfg = Release|Win32
		{3C451BE1-44C2-478C-843B-43A62F7901F7}.MinSizeRel|Win32.ActiveCfg = MinSizeRel|Win32
		{3C451BE1-44C2-478C-843B-43A62F7901F7}.RelWithDebInfo|Win32.ActiveCfg = RelWithDebInfo|Win32
		{F9A97BC5-74FE-4CBC-BF45-2CD002352CCB}.Debug|Win32.ActiveCfg = Debug|Win32
		{F9A97BC5-74FE-4CBC-BF45-2CD002352CCB}.Release|Win32.ActiveCfg = Release|Win32
		{F9A97BC5-74FE-4CBC-BF45-2CD002352CCB}.MinSizeRel|Win32.ActiveCfg = MinSizeRel|Win32
		{F9A97BC5-74FE-4CBC-BF45-2CD002352CCB}.RelWithDebInfo|Win32.ActiveCfg = RelWithDebInfo|Win32
		{81BD27DF-CB19-4F53-AC8F-D74C88E5036E}.Debug|Win32.ActiveCfg = Debug|Win32
		{81BD27DF-CB19-4F53-AC8F-D74C88E5036E}.Debug|Win32.Build.0 = Debug|Win32
		{81BD27DF-CB19-4F53-AC8F-D74C88E5036E}.Release|Win32.ActiveCfg = Release|Win32
		{81BD27DF-CB19-4F53-AC8F-D74C88E5036E}.Release|Win32.Build.0 = Release|Win32
		{81BD27DF-CB19-4F53-AC8F-D74C88E5036E}.MinSizeRel|Win32.ActiveCfg = MinSizeRel|Win32
		{81BD27DF-CB19-4F53-AC8F-D74C88E5036E}.MinSizeRel|Win32.Build.0 = MinSizeRel|Win32
		{81BD27DF-CB19-4F53-AC8F-D74C88E5036E}.RelWithDebInfo|Win32.ActiveCfg = RelWithDebInfo|Win32
		{81BD27DF-CB19-4F53-AC8F-D74C88E5036E}.RelWithDebInfo|Win32.Build.0 = RelWithDebInfo|Win32
	EndGlobalSection
	GlobalSection(ExtensibilityGlobals) = postSolution
	EndGlobalSection
	GlobalSection(ExtensibilityAddIns) = postSolution
	EndGlobalSection
EndGlobal
