Microsoft Visual Studio Solution File, Format Version 12.00
# Visual Studio 15
Project("{8BC9CEB8-8B4A-11D0-8D11-00A0C91BC942}") = "ALL_BUILD", "ALL_BUILD.vcxproj", "{6D23F111-22CA-3BCA-BA68-2B0D3DFC5CDC}"
	ProjectSection(ProjectDependencies) = postProject
		{82AB3AA3-705C-3721-8F86-B9BF5166FFF1} = {82AB3AA3-705C-3721-8F86-B9BF5166FFF1}
		{408F7718-3EF6-3748-9631-7A1C609CC365} = {408F7718-3EF6-3748-9631-7A1C609CC365}
		{ECD0ED3F-7073-3D1E-A178-7D532D734A59} = {ECD0ED3F-7073-3D1E-A178-7D532D734A59}
	EndProjectSection
EndProject
Project("{8BC9CEB8-8B4A-11D0-8D11-00A0C91BC942}") = "HelloWorld", "samples\1. HelloWorld\HelloWorld.vcxproj", "{B0ADDBFF-42AC-3472-A819-6FECE898E110}"
	ProjectSection(ProjectDependencies) = postProject
		{ECD0ED3F-7073-3D1E-A178-7D532D734A59} = {ECD0ED3F-7073-3D1E-A178-7D532D734A59}
	EndProjectSection
EndProject
Project("{8BC9CEB8-8B4A-11D0-8D11-00A0C91BC942}") = "HelloWorldMCML", "samples\2. HelloWorldMCML\HelloWorldMCML.vcxproj", "{644ECD9D-07AE-3B1B-BDDA-DAF9BFD1C73D}"
	ProjectSection(ProjectDependencies) = postProject
		{ECD0ED3F-7073-3D1E-A178-7D532D734A59} = {ECD0ED3F-7073-3D1E-A178-7D532D734A59}
	EndProjectSection
EndProject
Project("{8BC9CEB8-8B4A-11D0-8D11-00A0C91BC942}") = "HelloWorldPlugin", "samples\plugins\HelloWorldCppDll\HelloWorldPlugin.vcxproj", "{82AB3AA3-705C-3721-8F86-B9BF5166FFF1}"
	ProjectSection(ProjectDependencies) = postProject
		{ECD0ED3F-7073-3D1E-A178-7D532D734A59} = {ECD0ED3F-7073-3D1E-A178-7D532D734A59}
	EndProjectSection
EndProject
Project("{8BC9CEB8-8B4A-11D0-8D11-00A0C91BC942}") = "MyApp", "samples\MyAppExe\MyApp.vcxproj", "{408F7718-3EF6-3748-9631-7A1C609CC365}"
	ProjectSection(ProjectDependencies) = postProject
		{ECD0ED3F-7073-3D1E-A178-7D532D734A59} = {ECD0ED3F-7073-3D1E-A178-7D532D734A59}
	EndProjectSection
EndProject
Project("{8BC9CEB8-8B4A-11D0-8D11-00A0C91BC942}") = "NPLWebServer", "samples\5. NPLWebServer\NPLWebServer.vcxproj", "{C35263D0-0C6F-36A1-AF78-67C5C3A52DD2}"
	ProjectSection(ProjectDependencies) = postProject
		{ECD0ED3F-7073-3D1E-A178-7D532D734A59} = {ECD0ED3F-7073-3D1E-A178-7D532D734A59}
	EndProjectSection
EndProject
Project("{8BC9CEB8-8B4A-11D0-8D11-00A0C91BC942}") = "SampleMod", "samples\mod\Sample\SampleMod.vcxproj", "{A5904E56-8931-32B2-8392-380DF4EBE1C3}"
	ProjectSection(ProjectDependencies) = postProject
		{ECD0ED3F-7073-3D1E-A178-7D532D734A59} = {ECD0ED3F-7073-3D1E-A178-7D532D734A59}
	EndProjectSection
EndProject
Project("{8BC9CEB8-8B4A-11D0-8D11-00A0C91BC942}") = "SampleWorld", "samples\3. SampleWorld\SampleWorld.vcxproj", "{2789B81F-0FDB-3C19-BF2E-D710D9F87D3E}"
	ProjectSection(ProjectDependencies) = postProject
		{ECD0ED3F-7073-3D1E-A178-7D532D734A59} = {ECD0ED3F-7073-3D1E-A178-7D532D734A59}
	EndProjectSection
EndProject
Project("{8BC9CEB8-8B4A-11D0-8D11-00A0C91BC942}") = "SimpleWebServer", "samples\4. SimpleWebServer\SimpleWebServer.vcxproj", "{5FA58DA1-E1BE-383D-9CE7-B90F2F2C0F0D}"
	ProjectSection(ProjectDependencies) = postProject
		{ECD0ED3F-7073-3D1E-A178-7D532D734A59} = {ECD0ED3F-7073-3D1E-A178-7D532D734A59}
	EndProjectSection
EndProject
Project("{8BC9CEB8-8B4A-11D0-8D11-00A0C91BC942}") = "ZERO_CHECK", "ZERO_CHECK.vcxproj", "{ECD0ED3F-7073-3D1E-A178-7D532D734A59}"
	ProjectSection(ProjectDependencies) = postProject
	EndProjectSection
EndProject
Global
	GlobalSection(SolutionConfigurationPlatforms) = preSolution
		Debug|Win32 = Debug|Win32
		Release|Win32 = Release|Win32
		MinSizeRel|Win32 = MinSizeRel|Win32
		RelWithDebInfo|Win32 = RelWithDebInfo|Win32
	EndGlobalSection
	GlobalSection(ProjectConfigurationPlatforms) = postSolution
		{6D23F111-22CA-3BCA-BA68-2B0D3DFC5CDC}.Debug|Win32.ActiveCfg = Debug|Win32
		{6D23F111-22CA-3BCA-BA68-2B0D3DFC5CDC}.Release|Win32.ActiveCfg = Release|Win32
		{6D23F111-22CA-3BCA-BA68-2B0D3DFC5CDC}.MinSizeRel|Win32.ActiveCfg = MinSizeRel|Win32
		{6D23F111-22CA-3BCA-BA68-2B0D3DFC5CDC}.RelWithDebInfo|Win32.ActiveCfg = RelWithDebInfo|Win32
		{B0ADDBFF-42AC-3472-A819-6FECE898E110}.Debug|Win32.ActiveCfg = Debug|Win32
		{B0ADDBFF-42AC-3472-A819-6FECE898E110}.Release|Win32.ActiveCfg = Release|Win32
		{B0ADDBFF-42AC-3472-A819-6FECE898E110}.MinSizeRel|Win32.ActiveCfg = MinSizeRel|Win32
		{B0ADDBFF-42AC-3472-A819-6FECE898E110}.RelWithDebInfo|Win32.ActiveCfg = RelWithDebInfo|Win32
		{644ECD9D-07AE-3B1B-BDDA-DAF9BFD1C73D}.Debug|Win32.ActiveCfg = Debug|Win32
		{644ECD9D-07AE-3B1B-BDDA-DAF9BFD1C73D}.Release|Win32.ActiveCfg = Release|Win32
		{644ECD9D-07AE-3B1B-BDDA-DAF9BFD1C73D}.MinSizeRel|Win32.ActiveCfg = MinSizeRel|Win32
		{644ECD9D-07AE-3B1B-BDDA-DAF9BFD1C73D}.RelWithDebInfo|Win32.ActiveCfg = RelWithDebInfo|Win32
		{82AB3AA3-705C-3721-8F86-B9BF5166FFF1}.Debug|Win32.ActiveCfg = Debug|Win32
		{82AB3AA3-705C-3721-8F86-B9BF5166FFF1}.Debug|Win32.Build.0 = Debug|Win32
		{82AB3AA3-705C-3721-8F86-B9BF5166FFF1}.Release|Win32.ActiveCfg = Release|Win32
		{82AB3AA3-705C-3721-8F86-B9BF5166FFF1}.Release|Win32.Build.0 = Release|Win32
		{82AB3AA3-705C-3721-8F86-B9BF5166FFF1}.MinSizeRel|Win32.ActiveCfg = MinSizeRel|Win32
		{82AB3AA3-705C-3721-8F86-B9BF5166FFF1}.MinSizeRel|Win32.Build.0 = MinSizeRel|Win32
		{82AB3AA3-705C-3721-8F86-B9BF5166FFF1}.RelWithDebInfo|Win32.ActiveCfg = RelWithDebInfo|Win32
		{82AB3AA3-705C-3721-8F86-B9BF5166FFF1}.RelWithDebInfo|Win32.Build.0 = RelWithDebInfo|Win32
		{408F7718-3EF6-3748-9631-7A1C609CC365}.Debug|Win32.ActiveCfg = Debug|Win32
		{408F7718-3EF6-3748-9631-7A1C609CC365}.Debug|Win32.Build.0 = Debug|Win32
		{408F7718-3EF6-3748-9631-7A1C609CC365}.Release|Win32.ActiveCfg = Release|Win32
		{408F7718-3EF6-3748-9631-7A1C609CC365}.Release|Win32.Build.0 = Release|Win32
		{408F7718-3EF6-3748-9631-7A1C609CC365}.MinSizeRel|Win32.ActiveCfg = MinSizeRel|Win32
		{408F7718-3EF6-3748-9631-7A1C609CC365}.MinSizeRel|Win32.Build.0 = MinSizeRel|Win32
		{408F7718-3EF6-3748-9631-7A1C609CC365}.RelWithDebInfo|Win32.ActiveCfg = RelWithDebInfo|Win32
		{408F7718-3EF6-3748-9631-7A1C609CC365}.RelWithDebInfo|Win32.Build.0 = RelWithDebInfo|Win32
		{C35263D0-0C6F-36A1-AF78-67C5C3A52DD2}.Debug|Win32.ActiveCfg = Debug|Win32
		{C35263D0-0C6F-36A1-AF78-67C5C3A52DD2}.Release|Win32.ActiveCfg = Release|Win32
		{C35263D0-0C6F-36A1-AF78-67C5C3A52DD2}.MinSizeRel|Win32.ActiveCfg = MinSizeRel|Win32
		{C35263D0-0C6F-36A1-AF78-67C5C3A52DD2}.RelWithDebInfo|Win32.ActiveCfg = RelWithDebInfo|Win32
		{A5904E56-8931-32B2-8392-380DF4EBE1C3}.Debug|Win32.ActiveCfg = Debug|Win32
		{A5904E56-8931-32B2-8392-380DF4EBE1C3}.Release|Win32.ActiveCfg = Release|Win32
		{A5904E56-8931-32B2-8392-380DF4EBE1C3}.MinSizeRel|Win32.ActiveCfg = MinSizeRel|Win32
		{A5904E56-8931-32B2-8392-380DF4EBE1C3}.RelWithDebInfo|Win32.ActiveCfg = RelWithDebInfo|Win32
		{2789B81F-0FDB-3C19-BF2E-D710D9F87D3E}.Debug|Win32.ActiveCfg = Debug|Win32
		{2789B81F-0FDB-3C19-BF2E-D710D9F87D3E}.Release|Win32.ActiveCfg = Release|Win32
		{2789B81F-0FDB-3C19-BF2E-D710D9F87D3E}.MinSizeRel|Win32.ActiveCfg = MinSizeRel|Win32
		{2789B81F-0FDB-3C19-BF2E-D710D9F87D3E}.RelWithDebInfo|Win32.ActiveCfg = RelWithDebInfo|Win32
		{5FA58DA1-E1BE-383D-9CE7-B90F2F2C0F0D}.Debug|Win32.ActiveCfg = Debug|Win32
		{5FA58DA1-E1BE-383D-9CE7-B90F2F2C0F0D}.Release|Win32.ActiveCfg = Release|Win32
		{5FA58DA1-E1BE-383D-9CE7-B90F2F2C0F0D}.MinSizeRel|Win32.ActiveCfg = MinSizeRel|Win32
		{5FA58DA1-E1BE-383D-9CE7-B90F2F2C0F0D}.RelWithDebInfo|Win32.ActiveCfg = RelWithDebInfo|Win32
		{ECD0ED3F-7073-3D1E-A178-7D532D734A59}.Debug|Win32.ActiveCfg = Debug|Win32
		{ECD0ED3F-7073-3D1E-A178-7D532D734A59}.Debug|Win32.Build.0 = Debug|Win32
		{ECD0ED3F-7073-3D1E-A178-7D532D734A59}.Release|Win32.ActiveCfg = Release|Win32
		{ECD0ED3F-7073-3D1E-A178-7D532D734A59}.Release|Win32.Build.0 = Release|Win32
		{ECD0ED3F-7073-3D1E-A178-7D532D734A59}.MinSizeRel|Win32.ActiveCfg = MinSizeRel|Win32
		{ECD0ED3F-7073-3D1E-A178-7D532D734A59}.MinSizeRel|Win32.Build.0 = MinSizeRel|Win32
		{ECD0ED3F-7073-3D1E-A178-7D532D734A59}.RelWithDebInfo|Win32.ActiveCfg = RelWithDebInfo|Win32
		{ECD0ED3F-7073-3D1E-A178-7D532D734A59}.RelWithDebInfo|Win32.Build.0 = RelWithDebInfo|Win32
	EndGlobalSection
	GlobalSection(ExtensibilityGlobals) = postSolution
		SolutionGuid = {F6C68F6D-826F-3557-9DDC-BCCFD572910B}
	EndGlobalSection
	GlobalSection(ExtensibilityAddIns) = postSolution
	EndGlobalSection
EndGlobal
