Microsoft Visual Studio Solution File, Format Version 12.00
# Visual Studio 2013
Project("{8BC9CEB8-8B4A-11D0-8D11-00A0C91BC942}") = "ALL_BUILD", "ALL_BUILD.vcxproj", "{86746B2C-129E-4627-92ED-7EF6D16DAA8E}"
	ProjectSection(ProjectDependencies) = postProject
		{6AE8989E-4F06-4069-83FE-7C57C15B3598} = {6AE8989E-4F06-4069-83FE-7C57C15B3598}
	EndProjectSection
EndProject
Project("{8BC9CEB8-8B4A-11D0-8D11-00A0C91BC942}") = "ParacraftSrc", "ParacraftSrc.vcxproj", "{BA0746B3-F7EA-4FD5-9ADC-95981A5E4350}"
	ProjectSection(ProjectDependencies) = postProject
		{6AE8989E-4F06-4069-83FE-7C57C15B3598} = {6AE8989E-4F06-4069-83FE-7C57C15B3598}
	EndProjectSection
EndProject
Project("{8BC9CEB8-8B4A-11D0-8D11-00A0C91BC942}") = "ZERO_CHECK", "ZERO_CHECK.vcxproj", "{6AE8989E-4F06-4069-83FE-7C57C15B3598}"
	ProjectSection(ProjectDependencies) = postProject
	EndProjectSection
EndProject
Global
	GlobalSection(SolutionConfigurationPlatforms) = preSolution
		Debug|Win32 = Debug|Win32
		Release|Win32 = Release|Win32
		MinSizeRel|Win32 = MinSizeRel|Win32
		RelWithDebInfo|Win32 = RelWithDebInfo|Win32
	EndGlobalSection
	GlobalSection(ProjectConfigurationPlatforms) = postSolution
		{86746B2C-129E-4627-92ED-7EF6D16DAA8E}.Debug|Win32.ActiveCfg = Debug|Win32
		{86746B2C-129E-4627-92ED-7EF6D16DAA8E}.Release|Win32.ActiveCfg = Release|Win32
		{86746B2C-129E-4627-92ED-7EF6D16DAA8E}.MinSizeRel|Win32.ActiveCfg = MinSizeRel|Win32
		{86746B2C-129E-4627-92ED-7EF6D16DAA8E}.RelWithDebInfo|Win32.ActiveCfg = RelWithDebInfo|Win32
		{BA0746B3-F7EA-4FD5-9ADC-95981A5E4350}.Debug|Win32.ActiveCfg = Debug|Win32
		{BA0746B3-F7EA-4FD5-9ADC-95981A5E4350}.Release|Win32.ActiveCfg = Release|Win32
		{BA0746B3-F7EA-4FD5-9ADC-95981A5E4350}.MinSizeRel|Win32.ActiveCfg = MinSizeRel|Win32
		{BA0746B3-F7EA-4FD5-9ADC-95981A5E4350}.RelWithDebInfo|Win32.ActiveCfg = RelWithDebInfo|Win32
		{6AE8989E-4F06-4069-83FE-7C57C15B3598}.Debug|Win32.ActiveCfg = Debug|Win32
		{6AE8989E-4F06-4069-83FE-7C57C15B3598}.Debug|Win32.Build.0 = Debug|Win32
		{6AE8989E-4F06-4069-83FE-7C57C15B3598}.Release|Win32.ActiveCfg = Release|Win32
		{6AE8989E-4F06-4069-83FE-7C57C15B3598}.Release|Win32.Build.0 = Release|Win32
		{6AE8989E-4F06-4069-83FE-7C57C15B3598}.MinSizeRel|Win32.ActiveCfg = MinSizeRel|Win32
		{6AE8989E-4F06-4069-83FE-7C57C15B3598}.MinSizeRel|Win32.Build.0 = MinSizeRel|Win32
		{6AE8989E-4F06-4069-83FE-7C57C15B3598}.RelWithDebInfo|Win32.ActiveCfg = RelWithDebInfo|Win32
		{6AE8989E-4F06-4069-83FE-7C57C15B3598}.RelWithDebInfo|Win32.Build.0 = RelWithDebInfo|Win32
	EndGlobalSection
	GlobalSection(ExtensibilityGlobals) = postSolution
	EndGlobalSection
	GlobalSection(ExtensibilityAddIns) = postSolution
	EndGlobalSection
EndGlobal
